{
  "name": "PF",
  "lockfileVersion": 3,
  "requires": true,
  "packages": {
    "": {
      "dependencies": {
        "nodemailer": "^8.0.1",
        "simplex-noise": "^4.0.3"
      },
      "devDependencies": {
        "@types/nodemailer": "^7.0.10"
      }
    },
    "node_modules/@types/node": {
      "version": "25.2.3",
      "resolved": "https://registry.npmjs.org/@types/node/-/node-25.2.3.tgz",
      "integrity": "sha512-m0jEgYlYz+mDJZ2+F4v8D1AyQb+QzsNqRuI7xg1VQX/KlKS0qT9r1Mo16yo5F/MtifXFgaofIFsdFMox2SxIbQ==",
      "dev": true,
      "license": "MIT",
      "dependencies": {
        "undici-types": "~7.16.0"
      }
    },
    "node_modules/@types/nodemailer": {
      "version": "7.0.10",
      "resolved": "https://registry.npmjs.org/@types/nodemailer/-/nodemailer-7.0.10.tgz",
      "integrity": "sha512-tP+9WggTFN22Zxh0XFyst7239H0qwiRCogsk7v9aQS79sYAJY+WEbTHbNYcxUMaalHKmsNpxmoTe35hBEMMd6g==",
      "dev": true,
      "license": "MIT",
      "dependencies": {
        "@types/node": "*"
      }
    },
    "node_modules/nodemailer": {
      "version": "8.0.1",
      "resolved": "https://registry.npmjs.org/nodemailer/-/nodemailer-8.0.1.tgz",
      "integrity": "sha512-5kcldIXmaEjZcHR6F28IKGSgpmZHaF1IXLWFTG+Xh3S+Cce4MiakLtWY+PlBU69fLbRa8HlaGIrC/QolUpHkhg==",
      "license": "MIT-0",
      "engines": {
        "node": ">=6.0.0"
      }
    },
    "node_modules/simplex-noise": {
      "version": "4.0.3",
      "resolved": "https://registry.npmjs.org/simplex-noise/-/simplex-noise-4.0.3.tgz",
      "integrity": "sha512-qSE2I4AngLQG7BXqoZj51jokT4WUXe8mOBrvfOXpci8+6Yu44+/dD5zqDpOx3Ux792eamTd2lLcI8jqFntk/lg==",
      "license": "MIT"
    },
    "node_modules/undici-types": {
      "version": "7.16.0",
      "resolved": "https://registry.npmjs.org/undici-types/-/undici-types-7.16.0.tgz",
      "integrity": "sha512-Zz+aZWSj8LE6zoxD+xrjh4VfkIG8Ya6LvYkZqtUQGJPZjYl53ypCaUwWqo7eI0x66KBGeRo+mlBEkMSeSZ38Nw==",
      "dev": true,
      "license": "MIT"
    }
  }
}
